
Microsoft Visual Studio Solution File, Format Version 12.00
# Visual Studio Version 17
VisualStudioVersion = 17.11.35303.130
MinimumVisualStudioVersion = 10.0.40219.1
Project("{FAE04EC0-301F-11D3-BF4B-00C04F79EFBC}") = "BlocNotesApp", "BlocNotesApp\BlocNotesApp.csproj", "{7397B3A9-5406-407D-AD1A-9BFC1AC28316}"
EndProject
Global
	GlobalSection(SolutionConfigurationPlatforms) = preSolution
		Debug|Any CPU = Debug|Any CPU
		Release|Any CPU = Release|Any CPU
	EndGlobalSection
	GlobalSection(ProjectConfigurationPlatforms) = postSolution
		{7397B3A9-5406-407D-AD1A-9BFC1AC28316}.Debug|Any CPU.ActiveCfg = Debug|Any CPU
		{7397B3A9-5406-407D-AD1A-9BFC1AC28316}.Debug|Any CPU.Build.0 = Debug|Any CPU
		{7397B3A9-5406-407D-AD1A-9BFC1AC28316}.Release|Any CPU.ActiveCfg = Release|Any CPU
		{7397B3A9-5406-407D-AD1A-9BFC1AC28316}.Release|Any CPU.Build.0 = Release|Any CPU
	EndGlobalSection
	GlobalSection(SolutionProperties) = preSolution
		HideSolutionNode = FALSE
	EndGlobalSection
	GlobalSection(ExtensibilityGlobals) = postSolution
		SolutionGuid = {449FDC6D-31BF-4BC0-90B3-B66752DBFAB4}
	EndGlobalSection
EndGlobal
